
Microsoft Visual Studio Solution File, Format Version 12.00
# Visual Studio Version 17
VisualStudioVersion = 17.0.31903.59
MinimumVisualStudioVersion = 10.0.40219.1
Project("{2150E333-8FDC-42A3-9474-1A3956D46DE8}") = "src", "src", "{D3C4F680-42D4-410B-B5FC-E71E0DEF1118}"
EndProject
Project("{FAE04EC0-301F-11D3-BF4B-00C04F79EFBC}") = "Battler.Api", "src\Battler.Api\Battler.Api.csproj", "{77800D5B-6D9C-4F35-9ABE-CE82B05E26B9}"
EndProject
Project("{FAE04EC0-301F-11D3-BF4B-00C04F79EFBC}") = "Battler.Application", "src\Battler.Application\Battler.Application.csproj", "{19E93C9E-82DB-4A6A-9472-CF89B8F3E109}"
EndProject
Project("{FAE04EC0-301F-11D3-BF4B-00C04F79EFBC}") = "Battler.Core", "src\Battler.Core\Battler.Core.csproj", "{7A65C82C-E272-412A-87D8-B1CA731F93FD}"
EndProject
Project("{FAE04EC0-301F-11D3-BF4B-00C04F79EFBC}") = "Battler.Data", "src\Battler.Data\Battler.Data.csproj", "{1E8D098C-A350-4110-BB80-87F7FBF862ED}"
EndProject
Project("{FAE04EC0-301F-11D3-BF4B-00C04F79EFBC}") = "Battler.Domain", "src\Battler.Domain\Battler.Domain.csproj", "{6B900219-C3EE-48F5-9275-02A00A30885C}"
EndProject
Project("{2150E333-8FDC-42A3-9474-1A3956D46DE8}") = "test", "test", "{92BC2B53-3288-4C8B-A91C-6300A70DBDA3}"
EndProject
Project("{FAE04EC0-301F-11D3-BF4B-00C04F79EFBC}") = "Battler.Api.Tests", "test\Battler.Api.Tests\Battler.Api.Tests.csproj", "{916A8866-25CA-4655-8D24-C9CA82CFD2EF}"
EndProject
Project("{FAE04EC0-301F-11D3-BF4B-00C04F79EFBC}") = "Battler.Application.Tests", "test\Battler.Application.Tests\Battler.Application.Tests.csproj", "{108F4A83-6EB2-487E-80AE-F6537C454F6A}"
EndProject
Project("{FAE04EC0-301F-11D3-BF4B-00C04F79EFBC}") = "Battler.Core.Tests", "test\Battler.Core.Tests\Battler.Core.Tests.csproj", "{9B73D48C-5061-4707-877F-F365AECEDE9C}"
EndProject
Project("{FAE04EC0-301F-11D3-BF4B-00C04F79EFBC}") = "Battler.Data.Tests", "test\Battler.Data.Tests\Battler.Data.Tests.csproj", "{82D3C08A-7781-4FAD-ABF4-C9E7A73C0CFD}"
EndProject
Project("{FAE04EC0-301F-11D3-BF4B-00C04F79EFBC}") = "Battler.Domain.Tests", "test\Battler.Domain.Tests\Battler.Domain.Tests.csproj", "{DFC2D193-A365-4C05-83F4-FA870C389564}"
EndProject
Global
	GlobalSection(SolutionConfigurationPlatforms) = preSolution
		Debug|Any CPU = Debug|Any CPU
		Release|Any CPU = Release|Any CPU
	EndGlobalSection
	GlobalSection(SolutionProperties) = preSolution
		HideSolutionNode = FALSE
	EndGlobalSection
	GlobalSection(ProjectConfigurationPlatforms) = postSolution
		{77800D5B-6D9C-4F35-9ABE-CE82B05E26B9}.Debug|Any CPU.ActiveCfg = Debug|Any CPU
		{77800D5B-6D9C-4F35-9ABE-CE82B05E26B9}.Debug|Any CPU.Build.0 = Debug|Any CPU
		{77800D5B-6D9C-4F35-9ABE-CE82B05E26B9}.Release|Any CPU.ActiveCfg = Release|Any CPU
		{77800D5B-6D9C-4F35-9ABE-CE82B05E26B9}.Release|Any CPU.Build.0 = Release|Any CPU
		{19E93C9E-82DB-4A6A-9472-CF89B8F3E109}.Debug|Any CPU.ActiveCfg = Debug|Any CPU
		{19E93C9E-82DB-4A6A-9472-CF89B8F3E109}.Debug|Any CPU.Build.0 = Debug|Any CPU
		{19E93C9E-82DB-4A6A-9472-CF89B8F3E109}.Release|Any CPU.ActiveCfg = Release|Any CPU
		{19E93C9E-82DB-4A6A-9472-CF89B8F3E109}.Release|Any CPU.Build.0 = Release|Any CPU
		{7A65C82C-E272-412A-87D8-B1CA731F93FD}.Debug|Any CPU.ActiveCfg = Debug|Any CPU
		{7A65C82C-E272-412A-87D8-B1CA731F93FD}.Debug|Any CPU.Build.0 = Debug|Any CPU
		{7A65C82C-E272-412A-87D8-B1CA731F93FD}.Release|Any CPU.ActiveCfg = Release|Any CPU
		{7A65C82C-E272-412A-87D8-B1CA731F93FD}.Release|Any CPU.Build.0 = Release|Any CPU
		{1E8D098C-A350-4110-BB80-87F7FBF862ED}.Debug|Any CPU.ActiveCfg = Debug|Any CPU
		{1E8D098C-A350-4110-BB80-87F7FBF862ED}.Debug|Any CPU.Build.0 = Debug|Any CPU
		{1E8D098C-A350-4110-BB80-87F7FBF862ED}.Release|Any CPU.ActiveCfg = Release|Any CPU
		{1E8D098C-A350-4110-BB80-87F7FBF862ED}.Release|Any CPU.Build.0 = Release|Any CPU
		{6B900219-C3EE-48F5-9275-02A00A30885C}.Debug|Any CPU.ActiveCfg = Debug|Any CPU
		{6B900219-C3EE-48F5-9275-02A00A30885C}.Debug|Any CPU.Build.0 = Debug|Any CPU
		{6B900219-C3EE-48F5-9275-02A00A30885C}.Release|Any CPU.ActiveCfg = Release|Any CPU
		{6B900219-C3EE-48F5-9275-02A00A30885C}.Release|Any CPU.Build.0 = Release|Any CPU
		{916A8866-25CA-4655-8D24-C9CA82CFD2EF}.Debug|Any CPU.ActiveCfg = Debug|Any CPU
		{916A8866-25CA-4655-8D24-C9CA82CFD2EF}.Debug|Any CPU.Build.0 = Debug|Any CPU
		{916A8866-25CA-4655-8D24-C9CA82CFD2EF}.Release|Any CPU.ActiveCfg = Release|Any CPU
		{916A8866-25CA-4655-8D24-C9CA82CFD2EF}.Release|Any CPU.Build.0 = Release|Any CPU
		{108F4A83-6EB2-487E-80AE-F6537C454F6A}.Debug|Any CPU.ActiveCfg = Debug|Any CPU
		{108F4A83-6EB2-487E-80AE-F6537C454F6A}.Debug|Any CPU.Build.0 = Debug|Any CPU
		{108F4A83-6EB2-487E-80AE-F6537C454F6A}.Release|Any CPU.ActiveCfg = Release|Any CPU
		{108F4A83-6EB2-487E-80AE-F6537C454F6A}.Release|Any CPU.Build.0 = Release|Any CPU
		{9B73D48C-5061-4707-877F-F365AECEDE9C}.Debug|Any CPU.ActiveCfg = Debug|Any CPU
		{9B73D48C-5061-4707-877F-F365AECEDE9C}.Debug|Any CPU.Build.0 = Debug|Any CPU
		{9B73D48C-5061-4707-877F-F365AECEDE9C}.Release|Any CPU.ActiveCfg = Release|Any CPU
		{9B73D48C-5061-4707-877F-F365AECEDE9C}.Release|Any CPU.Build.0 = Release|Any CPU
		{82D3C08A-7781-4FAD-ABF4-C9E7A73C0CFD}.Debug|Any CPU.ActiveCfg = Debug|Any CPU
		{82D3C08A-7781-4FAD-ABF4-C9E7A73C0CFD}.Debug|Any CPU.Build.0 = Debug|Any CPU
		{82D3C08A-7781-4FAD-ABF4-C9E7A73C0CFD}.Release|Any CPU.ActiveCfg = Release|Any CPU
		{82D3C08A-7781-4FAD-ABF4-C9E7A73C0CFD}.Release|Any CPU.Build.0 = Release|Any CPU
		{DFC2D193-A365-4C05-83F4-FA870C389564}.Debug|Any CPU.ActiveCfg = Debug|Any CPU
		{DFC2D193-A365-4C05-83F4-FA870C389564}.Debug|Any CPU.Build.0 = Debug|Any CPU
		{DFC2D193-A365-4C05-83F4-FA870C389564}.Release|Any CPU.ActiveCfg = Release|Any CPU
		{DFC2D193-A365-4C05-83F4-FA870C389564}.Release|Any CPU.Build.0 = Release|Any CPU
	EndGlobalSection
	GlobalSection(NestedProjects) = preSolution
		{77800D5B-6D9C-4F35-9ABE-CE82B05E26B9} = {D3C4F680-42D4-410B-B5FC-E71E0DEF1118}
		{19E93C9E-82DB-4A6A-9472-CF89B8F3E109} = {D3C4F680-42D4-410B-B5FC-E71E0DEF1118}
		{7A65C82C-E272-412A-87D8-B1CA731F93FD} = {D3C4F680-42D4-410B-B5FC-E71E0DEF1118}
		{1E8D098C-A350-4110-BB80-87F7FBF862ED} = {D3C4F680-42D4-410B-B5FC-E71E0DEF1118}
		{6B900219-C3EE-48F5-9275-02A00A30885C} = {D3C4F680-42D4-410B-B5FC-E71E0DEF1118}
		{916A8866-25CA-4655-8D24-C9CA82CFD2EF} = {92BC2B53-3288-4C8B-A91C-6300A70DBDA3}
		{108F4A83-6EB2-487E-80AE-F6537C454F6A} = {92BC2B53-3288-4C8B-A91C-6300A70DBDA3}
		{9B73D48C-5061-4707-877F-F365AECEDE9C} = {92BC2B53-3288-4C8B-A91C-6300A70DBDA3}
		{82D3C08A-7781-4FAD-ABF4-C9E7A73C0CFD} = {92BC2B53-3288-4C8B-A91C-6300A70DBDA3}
		{DFC2D193-A365-4C05-83F4-FA870C389564} = {92BC2B53-3288-4C8B-A91C-6300A70DBDA3}
	EndGlobalSection
EndGlobal
